
Microsoft Visual Studio Solution File, Format Version 12.00
# Visual Studio Version 17
VisualStudioVersion = 17.4.33213.308
MinimumVisualStudioVersion = 10.0.40219.1
Project("{FAE04EC0-301F-11D3-BF4B-00C04F79EFBC}") = "Task1", "Task1\Task1.csproj", "{A611260F-0942-4B07-A3D1-2F5DF3AD6631}"
EndProject
Global
	GlobalSection(SolutionConfigurationPlatforms) = preSolution
		Debug|Any CPU = Debug|Any CPU
		Release|Any CPU = Release|Any CPU
	EndGlobalSection
	GlobalSection(ProjectConfigurationPlatforms) = postSolution
		{A611260F-0942-4B07-A3D1-2F5DF3AD6631}.Debug|Any CPU.ActiveCfg = Debug|Any CPU
		{A611260F-0942-4B07-A3D1-2F5DF3AD6631}.Debug|Any CPU.Build.0 = Debug|Any CPU
		{A611260F-0942-4B07-A3D1-2F5DF3AD6631}.Release|Any CPU.ActiveCfg = Release|Any CPU
		{A611260F-0942-4B07-A3D1-2F5DF3AD6631}.Release|Any CPU.Build.0 = Release|Any CPU
	EndGlobalSection
	GlobalSection(SolutionProperties) = preSolution
		HideSolutionNode = FALSE
	EndGlobalSection
	GlobalSection(ExtensibilityGlobals) = postSolution
		SolutionGuid = {844E194E-0B94-4304-B3F1-5E505DD9B216}
	EndGlobalSection
EndGlobal
